
Microsoft Visual Studio Solution File, Format Version 12.00
# Visual Studio 15
VisualStudioVersion = 15.0.28010.2046
MinimumVisualStudioVersion = 10.0.40219.1
Project("{FAE04EC0-301F-11D3-BF4B-00C04F79EFBC}") = "ToolBox", "ToolBox\ToolBox.csproj", "{3DD66EE8-19E0-44C4-A5EB-130C8856B980}"
EndProject
Global
	GlobalSection(SolutionConfigurationPlatforms) = preSolution
		Debug|Any CPU = Debug|Any CPU
		Release|Any CPU = Release|Any CPU
	EndGlobalSection
	GlobalSection(ProjectConfigurationPlatforms) = postSolution
		{3DD66EE8-19E0-44C4-A5EB-130C8856B980}.Debug|Any CPU.ActiveCfg = Debug|Any CPU
		{3DD66EE8-19E0-44C4-A5EB-130C8856B980}.Debug|Any CPU.Build.0 = Debug|Any CPU
		{3DD66EE8-19E0-44C4-A5EB-130C8856B980}.Release|Any CPU.ActiveCfg = Release|Any CPU
		{3DD66EE8-19E0-44C4-A5EB-130C8856B980}.Release|Any CPU.Build.0 = Release|Any CPU
	EndGlobalSection
	GlobalSection(SolutionProperties) = preSolution
		HideSolutionNode = FALSE
	EndGlobalSection
	GlobalSection(ExtensibilityGlobals) = postSolution
		SolutionGuid = {08709943-B419-4AFA-9E21-EC4AF51D3A6B}
	EndGlobalSection
EndGlobal
